{
  "version": 4,
  "terraform_version": "1.7.5",
  "serial": 112,
  "lineage": "edd2b8a5-e165-d41f-a06e-f0423fc12788",
  "outputs": {},
  "resources": [
    {
      "mode": "managed",
      "type": "google_compute_network",
      "name": "myvpc",
      "provider": "provider[\"registry.terraform.io/hashicorp/google\"]",
      "instances": [
        {
          "schema_version": 0,
          "attributes": {
            "auto_create_subnetworks": false,
            "delete_default_routes_on_create": false,
            "description": "",
            "enable_ula_internal_ipv6": false,
            "gateway_ipv4": "",
            "id": "projects/terraform-maillard-frossard/global/networks/terraform-maillard-frossard-vpc",
            "internal_ipv6_range": "",
            "mtu": 0,
            "name": "terraform-maillard-frossard-vpc",
            "network_firewall_policy_enforcement_order": "AFTER_CLASSIC_FIREWALL",
            "project": "terraform-maillard-frossard",
            "routing_mode": "REGIONAL",
            "self_link": "https://www.googleapis.com/compute/v1/projects/terraform-maillard-frossard/global/networks/terraform-maillard-frossard-vpc",
            "timeouts": null
          },
          "sensitive_attributes": [],
          "private": "eyJlMmJmYjczMC1lY2FhLTExZTYtOGY4OC0zNDM2M2JjN2M0YzAiOnsiY3JlYXRlIjoxMjAwMDAwMDAwMDAwLCJkZWxldGUiOjEyMDAwMDAwMDAwMDAsInVwZGF0ZSI6MTIwMDAwMDAwMDAwMH19"
        }
      ]
    },
    {
      "mode": "managed",
      "type": "google_compute_subnetwork",
      "name": "mysubnet",
      "provider": "provider[\"registry.terraform.io/hashicorp/google\"]",
      "instances": [
        {
          "schema_version": 0,
          "attributes": {
            "creation_timestamp": "2024-03-27T06:25:15.201-07:00",
            "description": "",
            "external_ipv6_prefix": "",
            "fingerprint": null,
            "gateway_address": "10.10.0.1",
            "id": "projects/terraform-maillard-frossard/regions/europe-west9/subnetworks/terraform-maillard-frossard-subnet",
            "internal_ipv6_prefix": "",
            "ip_cidr_range": "10.10.0.0/24",
            "ipv6_access_type": "",
            "ipv6_cidr_range": "",
            "log_config": [],
            "name": "terraform-maillard-frossard-subnet",
            "network": "https://www.googleapis.com/compute/v1/projects/terraform-maillard-frossard/global/networks/terraform-maillard-frossard-vpc",
            "private_ip_google_access": true,
            "private_ipv6_google_access": "DISABLE_GOOGLE_ACCESS",
            "project": "terraform-maillard-frossard",
            "purpose": "PRIVATE",
            "region": "europe-west9",
            "role": "",
            "secondary_ip_range": [
              {
                "ip_cidr_range": "10.92.0.0/14",
                "range_name": "gke-terraform-maillard-frossard-gke-pods-7c3a1e39"
              },
              {
                "ip_cidr_range": "10.168.192.0/20",
                "range_name": "gke-terraform-maillard-frossard-gke-services-7c3a1e39"
              }
            ],
            "self_link": "https://www.googleapis.com/compute/v1/projects/terraform-maillard-frossard/regions/europe-west9/subnetworks/terraform-maillard-frossard-subnet",
            "stack_type": "IPV4_ONLY",
            "timeouts": null
          },
          "sensitive_attributes": [],
          "private": "eyJlMmJmYjczMC1lY2FhLTExZTYtOGY4OC0zNDM2M2JjN2M0YzAiOnsiY3JlYXRlIjoxMjAwMDAwMDAwMDAwLCJkZWxldGUiOjEyMDAwMDAwMDAwMDAsInVwZGF0ZSI6MTIwMDAwMDAwMDAwMH19",
          "dependencies": [
            "google_compute_network.myvpc"
          ]
        }
      ]
    },
    {
      "mode": "managed",
      "type": "google_container_cluster",
      "name": "mycluster",
      "provider": "provider[\"registry.terraform.io/hashicorp/google\"]",
      "instances": [
        {
          "schema_version": 2,
          "attributes": {
            "addons_config": [
              {
                "cloudrun_config": [],
                "config_connector_config": [],
                "dns_cache_config": [],
                "gce_persistent_disk_csi_driver_config": [
                  {
                    "enabled": true
                  }
                ],
                "gcp_filestore_csi_driver_config": [],
                "gcs_fuse_csi_driver_config": [],
                "gke_backup_agent_config": [],
                "horizontal_pod_autoscaling": [],
                "http_load_balancing": [],
                "network_policy_config": [
                  {
                    "disabled": true
                  }
                ]
              }
            ],
            "allow_net_admin": null,
            "authenticator_groups_config": [],
            "binary_authorization": [
              {
                "enabled": false,
                "evaluation_mode": ""
              }
            ],
            "cluster_autoscaling": [
              {
                "auto_provisioning_defaults": [],
                "enabled": false,
                "resource_limits": []
              }
            ],
            "cluster_ipv4_cidr": "10.92.0.0/14",
            "confidential_nodes": [],
            "cost_management_config": [],
            "database_encryption": [
              {
                "key_name": "",
                "state": "DECRYPTED"
              }
            ],
            "datapath_provider": "",
            "default_max_pods_per_node": 110,
            "default_snat_status": [
              {
                "disabled": false
              }
            ],
            "deletion_protection": true,
            "description": "",
            "dns_config": [],
            "enable_autopilot": false,
            "enable_intranode_visibility": false,
            "enable_k8s_beta_apis": [],
            "enable_kubernetes_alpha": false,
            "enable_l4_ilb_subsetting": false,
            "enable_legacy_abac": false,
            "enable_shielded_nodes": true,
            "enable_tpu": false,
            "endpoint": "34.163.214.195",
            "fleet": [],
            "gateway_api_config": [],
            "id": "projects/terraform-maillard-frossard/locations/europe-west9/clusters/terraform-maillard-frossard-gke",
            "identity_service_config": [],
            "initial_node_count": 1,
            "ip_allocation_policy": [
              {
                "additional_pod_ranges_config": [],
                "cluster_ipv4_cidr_block": "10.92.0.0/14",
                "cluster_secondary_range_name": "gke-terraform-maillard-frossard-gke-pods-7c3a1e39",
                "pod_cidr_overprovision_config": [
                  {
                    "disabled": false
                  }
                ],
                "services_ipv4_cidr_block": "10.168.192.0/20",
                "services_secondary_range_name": "gke-terraform-maillard-frossard-gke-services-7c3a1e39",
                "stack_type": "IPV4"
              }
            ],
            "label_fingerprint": "a9dc16a7",
            "location": "europe-west9",
            "logging_config": [
              {
                "enable_components": [
                  "SYSTEM_COMPONENTS",
                  "WORKLOADS"
                ]
              }
            ],
            "logging_service": "logging.googleapis.com/kubernetes",
            "maintenance_policy": [],
            "master_auth": [
              {
                "client_certificate": "",
                "client_certificate_config": [
                  {
                    "issue_client_certificate": false
                  }
                ],
                "client_key": "",
                "cluster_ca_certificate": "LS0tLS1CRUdJTiBDRVJUSUZJQ0FURS0tLS0tCk1JSUVMRENDQXBTZ0F3SUJBZ0lRTGtRMmhKZ0hHT1ZDOFNpSlkvaU9VREFOQmdrcWhraUc5dzBCQVFzRkFEQXYKTVMwd0t3WURWUVFERXlRd01UQXpNV1F6WVMxak16VmxMVFEyT0dRdFlqRXlNUzFrWkdReFpEVmhaRE0xWlRRdwpJQmNOTWpRd016STNNVEl5TmpNMVdoZ1BNakExTkRBek1qQXhNekkyTXpWYU1DOHhMVEFyQmdOVkJBTVRKREF4Ck1ETXhaRE5oTFdNek5XVXRORFk0WkMxaU1USXhMV1JrWkRGa05XRmtNelZsTkRDQ0FhSXdEUVlKS29aSWh2Y04KQVFFQkJRQURnZ0dQQURDQ0FZb0NnZ0dCQU90T2RYVjZrUmxVL3hxME1oWVpzcElXN2NFQlZpdlJNMTYwMjk3WApNYVhmRVk5VGtOaG8wNGdkVytsUnNvOXJHZEowazJZWVFxY09XZ2UrUTJjMHZldXBkWnZ2dHo3OC82M1UyTlVpCkhGN1krdWVMNCtkalJPazU3Mm5LaThJeEZyaVZEQ2dwVE9QdG1ZUGtqMWhrR2N4LzhITVR4emJjWmRiV0dYN3QKbG92REhMV21pb2VNVDRPRXZJTEptb2tMenBlcXVqSncyV05DOHRBdVhYeWI4cGViaGtzTkNma3o5OFNCWkR3WgpzeGg5dlRZQlBiT0FNSVV4S1J0RlpZV0lSOEJtWHpjdnd0VEg5LzZBVlBEVHZQMnZtelBZK0tHTVhxaHFtWVBqCitpTVE4R2lCSUJDeUY1TFJHYlBEQVlkeHMzV1NEeG95T3cxM2ZzbFJCNCs1empzdXhZN0RESzFqaG1UbkRuaVEKbXFZV2pXWW5HYmFpdjFuaFgyOGJnUVMzNis4TllZMG03OHJ5dFFIQ24wMGVkWGdud2tmZ2VIcW9sMWVmUW8ycwpMR0Vnb0piNFlwTnd6WlNxRFViRlJzUEVKZnVwQzdwNzl2M0M0UGhsaWlvdjd2UmJVVFNXZVRKVjlXblk0S2dFCjVrS1V0UElUdmFYcmh5ODJudGZ3QjNDbzJ3SURBUUFCbzBJd1FEQU9CZ05WSFE4QkFmOEVCQU1DQWdRd0R3WUQKVlIwVEFRSC9CQVV3QXdFQi96QWRCZ05WSFE0RUZnUVVPWUpSYnJtQjh1OHBhT0JGQWRtVkczQTNnTGd3RFFZSgpLb1pJaHZjTkFRRUxCUUFEZ2dHQkFMVkxVcy9LRzVxaFhoYldHRHUzcXdaNEl6QlVhZXRpZHJORTJ2OW1TY1ZnClpJcEFIanBjZ3UxNzJ2bTdiUjllSW8vWGRTaWsrbDluaDdJUFZzM0lJWUVsNFBRSVpSSDFhS29yckFROVZYKzcKWjNOaXhCbk1VUk9oVm9IejA2ZUdObldxNzVWeHZpT0tYN0grRUxhdmZvTTZyQkZlWVNGWElIeDFYSmRXbEx0TAphRXBPL0NlNldIS3RDcnhYWE42TmFXcHU5MzFjaS96clRHWHZzaklnZDVjaHNPWTIvTDZlMzQ1aCsxQmJUejI2CkJDdUUyRmI1WmV1U2pDamtNdUhsdWRPNzAvS1VlZ01XZG1SUGE5VkNaMXE2ZzBsaDVUNmRNVDNBRjdsQ1ZHdkUKU2hkU2FnSWdLcXhnL01oa2sxdGtlS1hTYnQ3KzNmOXgwWVVROXBZNTdsZDJ4WkJoZnhLSkZIY1IzRkxOdHhROAo4c0lwVllEa29NUFNpKzdabDN2WWY3NXZsZVVyczFrdU9RcENXYXpvOXVLRDgwZE1RZElCbFBtemlXTXhyanZJCnk2UUtXeDFIcUpuL1YvdHMzb0FDL1dPU0tyRFdTaEllWklNR09hcTdnYjlCMDcxRUExTXlHSFFwVWJRL3hTcGoKS3Bvd1h4cWlzZEd4Y1RSVXBDeEdSZz09Ci0tLS0tRU5EIENFUlRJRklDQVRFLS0tLS0K"
              }
            ],
            "master_authorized_networks_config": [],
            "master_version": "1.27.8-gke.1067004",
            "mesh_certificates": [],
            "min_master_version": null,
            "monitoring_config": [
              {
                "advanced_datapath_observability_config": [
                  {
                    "enable_metrics": false,
                    "relay_mode": ""
                  }
                ],
                "enable_components": [
                  "SYSTEM_COMPONENTS"
                ],
                "managed_prometheus": [
                  {
                    "enabled": true
                  }
                ]
              }
            ],
            "monitoring_service": "monitoring.googleapis.com/kubernetes",
            "name": "terraform-maillard-frossard-gke",
            "network": "projects/terraform-maillard-frossard/global/networks/terraform-maillard-frossard-vpc",
            "network_policy": [
              {
                "enabled": false,
                "provider": "PROVIDER_UNSPECIFIED"
              }
            ],
            "networking_mode": "VPC_NATIVE",
            "node_config": [
              {
                "advanced_machine_features": [],
                "boot_disk_kms_key": "",
                "confidential_nodes": [],
                "disk_size_gb": 100,
                "disk_type": "pd-balanced",
                "effective_taints": [],
                "ephemeral_storage_local_ssd_config": [],
                "fast_socket": [],
                "gcfs_config": [],
                "guest_accelerator": [],
                "gvnic": [],
                "host_maintenance_policy": [],
                "image_type": "COS_CONTAINERD",
                "kubelet_config": [],
                "labels": {},
                "linux_node_config": [],
                "local_nvme_ssd_block_config": [],
                "local_ssd_count": 0,
                "logging_variant": "DEFAULT",
                "machine_type": "e2-medium",
                "metadata": {
                  "disable-legacy-endpoints": "true"
                },
                "min_cpu_platform": "",
                "node_group": "",
                "oauth_scopes": [
                  "https://www.googleapis.com/auth/devstorage.read_only",
                  "https://www.googleapis.com/auth/logging.write",
                  "https://www.googleapis.com/auth/monitoring",
                  "https://www.googleapis.com/auth/service.management.readonly",
                  "https://www.googleapis.com/auth/servicecontrol",
                  "https://www.googleapis.com/auth/trace.append"
                ],
                "preemptible": false,
                "reservation_affinity": [],
                "resource_labels": {},
                "service_account": "default",
                "shielded_instance_config": [
                  {
                    "enable_integrity_monitoring": true,
                    "enable_secure_boot": false
                  }
                ],
                "sole_tenant_config": [],
                "spot": false,
                "tags": [],
                "taint": [],
                "workload_metadata_config": []
              }
            ],
            "node_locations": [
              "europe-west9-a",
              "europe-west9-b",
              "europe-west9-c"
            ],
            "node_pool": [
              {
                "autoscaling": [],
                "initial_node_count": 1,
                "instance_group_urls": [
                  "https://www.googleapis.com/compute/v1/projects/terraform-maillard-frossard/zones/europe-west9-b/instanceGroupManagers/gke-terraform-maillard-f-default-pool-b70a9ffd-grp",
                  "https://www.googleapis.com/compute/v1/projects/terraform-maillard-frossard/zones/europe-west9-a/instanceGroupManagers/gke-terraform-maillard-f-default-pool-bcaf0c86-grp",
                  "https://www.googleapis.com/compute/v1/projects/terraform-maillard-frossard/zones/europe-west9-c/instanceGroupManagers/gke-terraform-maillard-f-default-pool-117564c5-grp"
                ],
                "managed_instance_group_urls": [
                  "https://www.googleapis.com/compute/v1/projects/terraform-maillard-frossard/zones/europe-west9-b/instanceGroups/gke-terraform-maillard-f-default-pool-b70a9ffd-grp",
                  "https://www.googleapis.com/compute/v1/projects/terraform-maillard-frossard/zones/europe-west9-a/instanceGroups/gke-terraform-maillard-f-default-pool-bcaf0c86-grp",
                  "https://www.googleapis.com/compute/v1/projects/terraform-maillard-frossard/zones/europe-west9-c/instanceGroups/gke-terraform-maillard-f-default-pool-117564c5-grp"
                ],
                "management": [
                  {
                    "auto_repair": true,
                    "auto_upgrade": true
                  }
                ],
                "max_pods_per_node": 110,
                "name": "default-pool",
                "name_prefix": "",
                "network_config": [
                  {
                    "create_pod_range": false,
                    "enable_private_nodes": false,
                    "pod_cidr_overprovision_config": [],
                    "pod_ipv4_cidr_block": "10.92.0.0/14",
                    "pod_range": "gke-terraform-maillard-frossard-gke-pods-7c3a1e39"
                  }
                ],
                "node_config": [
                  {
                    "advanced_machine_features": [],
                    "boot_disk_kms_key": "",
                    "confidential_nodes": [],
                    "disk_size_gb": 100,
                    "disk_type": "pd-balanced",
                    "effective_taints": [],
                    "ephemeral_storage_local_ssd_config": [],
                    "fast_socket": [],
                    "gcfs_config": [],
                    "guest_accelerator": [],
                    "gvnic": [],
                    "host_maintenance_policy": [],
                    "image_type": "COS_CONTAINERD",
                    "kubelet_config": [],
                    "labels": {},
                    "linux_node_config": [],
                    "local_nvme_ssd_block_config": [],
                    "local_ssd_count": 0,
                    "logging_variant": "DEFAULT",
                    "machine_type": "e2-medium",
                    "metadata": {
                      "disable-legacy-endpoints": "true"
                    },
                    "min_cpu_platform": "",
                    "node_group": "",
                    "oauth_scopes": [
                      "https://www.googleapis.com/auth/devstorage.read_only",
                      "https://www.googleapis.com/auth/logging.write",
                      "https://www.googleapis.com/auth/monitoring",
                      "https://www.googleapis.com/auth/service.management.readonly",
                      "https://www.googleapis.com/auth/servicecontrol",
                      "https://www.googleapis.com/auth/trace.append"
                    ],
                    "preemptible": false,
                    "reservation_affinity": [],
                    "resource_labels": {},
                    "service_account": "default",
                    "shielded_instance_config": [
                      {
                        "enable_integrity_monitoring": true,
                        "enable_secure_boot": false
                      }
                    ],
                    "sole_tenant_config": [],
                    "spot": false,
                    "tags": [],
                    "taint": [],
                    "workload_metadata_config": []
                  }
                ],
                "node_count": 1,
                "node_locations": [
                  "europe-west9-a",
                  "europe-west9-b",
                  "europe-west9-c"
                ],
                "placement_policy": [],
                "upgrade_settings": [
                  {
                    "blue_green_settings": [],
                    "max_surge": 1,
                    "max_unavailable": 0,
                    "strategy": "SURGE"
                  }
                ],
                "version": "1.27.8-gke.1067004"
              }
            ],
            "node_pool_auto_config": [],
            "node_pool_defaults": [
              {
                "node_config_defaults": [
                  {
                    "logging_variant": "DEFAULT"
                  }
                ]
              }
            ],
            "node_version": "1.27.8-gke.1067004",
            "notification_config": [
              {
                "pubsub": [
                  {
                    "enabled": false,
                    "filter": [],
                    "topic": ""
                  }
                ]
              }
            ],
            "operation": null,
            "private_cluster_config": [
              {
                "enable_private_endpoint": false,
                "enable_private_nodes": false,
                "master_global_access_config": [
                  {
                    "enabled": false
                  }
                ],
                "master_ipv4_cidr_block": "",
                "peering_name": "",
                "private_endpoint": "10.10.0.2",
                "private_endpoint_subnetwork": "",
                "public_endpoint": "34.163.214.195"
              }
            ],
            "private_ipv6_google_access": "",
            "project": "terraform-maillard-frossard",
            "release_channel": [
              {
                "channel": "REGULAR"
              }
            ],
            "remove_default_node_pool": false,
            "resource_labels": {},
            "resource_usage_export_config": [],
            "security_posture_config": [
              {
                "mode": "BASIC",
                "vulnerability_mode": "VULNERABILITY_MODE_UNSPECIFIED"
              }
            ],
            "self_link": "https://container.googleapis.com/v1/projects/terraform-maillard-frossard/locations/europe-west9/clusters/terraform-maillard-frossard-gke",
            "service_external_ips_config": [
              {
                "enabled": false
              }
            ],
            "services_ipv4_cidr": "10.168.192.0/20",
            "subnetwork": "projects/terraform-maillard-frossard/regions/europe-west9/subnetworks/terraform-maillard-frossard-subnet",
            "timeouts": null,
            "tpu_ipv4_cidr_block": "",
            "vertical_pod_autoscaling": [],
            "workload_identity_config": []
          },
          "sensitive_attributes": [],
          "private": "eyJlMmJmYjczMC1lY2FhLTExZTYtOGY4OC0zNDM2M2JjN2M0YzAiOnsiY3JlYXRlIjoyNDAwMDAwMDAwMDAwLCJkZWxldGUiOjI0MDAwMDAwMDAwMDAsInJlYWQiOjI0MDAwMDAwMDAwMDAsInVwZGF0ZSI6MzYwMDAwMDAwMDAwMH0sInNjaGVtYV92ZXJzaW9uIjoiMiJ9",
          "dependencies": [
            "google_compute_network.myvpc",
            "google_compute_subnetwork.mysubnet"
          ]
        }
      ]
    }
  ],
  "check_results": null
}
