{
  "version": 4,
  "terraform_version": "1.7.5",
  "serial": 134,
  "lineage": "edd2b8a5-e165-d41f-a06e-f0423fc12788",
  "outputs": {
    "gcloud_config": {
      "value": {
        "project_id": "terraform-maillard-frossard",
        "region": "europe-west9",
        "zone": "europe-west9-a"
      },
      "type": [
        "object",
        {
          "project_id": "string",
          "region": "string",
          "zone": "string"
        }
      ]
    },
    "kubernetes_cluster_host": {
      "value": "34.163.78.206",
      "type": "string"
    },
    "kubernetes_cluster_name": {
      "value": "terraform-maillard-frossard-gke",
      "type": "string"
    },
    "result-image-name": {
      "value": "europe-west9-docker.pkg.dev/terraform-maillard-frossard/repo-images/result",
      "type": "string"
    },
    "seed-data-image-name": {
      "value": "europe-west9-docker.pkg.dev/terraform-maillard-frossard/repo-images/seed-data",
      "type": "string"
    },
    "vote-image-name": {
      "value": "europe-west9-docker.pkg.dev/terraform-maillard-frossard/repo-images/vote",
      "type": "string"
    },
    "worker-image-name": {
      "value": "europe-west9-docker.pkg.dev/terraform-maillard-frossard/repo-images/worker",
      "type": "string"
    }
  },
  "resources": [
    {
      "mode": "data",
      "type": "google_client_config",
      "name": "default",
      "provider": "provider[\"registry.terraform.io/hashicorp/google\"]",
      "instances": [
        {
          "schema_version": 0,
          "attributes": {
            "access_token": "ya29.c.c0AY_VpZiCuYJHFVcCYTbhLYORINZAY_7gokDskN8--g1C6gPDqDCrYjRTGZD91ZnN7txB5NzMe67Jh0bT_bpoR0q0aWB1ueTB9yyub-S5HyNDwhOXj1hdBW_pzr6B0uoUg54zsrxEnidtz0Ksj04Tfe9shLf9rkLIlRDm-sNkDyyKvSxX8u9zS65JNeai3HJf3Jq7rpgIaXlA9EPOlLxHl3pvaJA3t6McyKH4E17hbl9ZKxnnmC58R-wFWXLQLroQnvWo0_K6EuMkbi2wGd_SkNJ6yrKkPbX95gi4ZLUpXbuyw2pTEh1ZXnx4mICoqhUbyuLdiEFW8Li9xMs7lATuJcaZVJf0SrPZPFGNbCA4dMLjvhJHUpWqQssywAH387PiFjrgcIZRUebZihaywuwrZUWYWm_R-adbzqQzQ_R5_7k1m9hcQdW6YzVwFa48aqs-x6kReIXnbq-0d697qj28o3dd40gY36hVYsxyckOQiwofrV4zgZqFWB5ij9bvyzzsF0dZVYjwa2-vS_vjhO7I2i-niwblRfWWh21S3bhMdhr-xMr1bMusdsF67vs7S8M9FO_9fl2W03a9uY4s5UIq61dbMJ45MkrswM9F7hskO8iydhU508p5y-mw7zZ4qQf769UmS2YovV8UVOIvqfirZ7e6qUUkWkR5sQ3nbStb9bbq86qZlUUW-82wz1qr4t5ySqasizMvxayZV1ZbgxYFcQyrpWSxgYkM1BxFsVQcZcYJrX2kdgsxpaQ9e74zB7m_O0YuddySzpXzRpRizalyaYh0nQxWvU1p_6Zvttcm16hXU1ZaUvwMaxfrMlgX1Wlr9x0iqz1-iOI6Jhjcg3XxtluV7rJojnQgt0gf2RzyFvVBflmdcz_qo2wMhU45Bo7q8tXIMe89be-oFacx7XFFw4e2RR8q69Rm3uOjwBwM4efM_Fv1d_6lIqp1MBOV02nBXjapbuZ5fgewsWYbsOr5_M7_cR2nsQJwwFknrbuZ7loqs3UkhM9urW2",
            "id": "projects/\"terraform-maillard-frossard\"/regions/\"europe-west9\"/zones/\"europe-west9-a\"",
            "project": "terraform-maillard-frossard",
            "region": "europe-west9",
            "zone": "europe-west9-a"
          },
          "sensitive_attributes": []
        }
      ]
    },
    {
      "mode": "data",
      "type": "google_service_account_access_token",
      "name": "sa",
      "provider": "provider[\"registry.terraform.io/hashicorp/google\"]",
      "instances": [
        {
          "schema_version": 0,
          "attributes": {
            "access_token": "ya29.c.c0AY_VpZg_UzmHOMm493EIPx4y3YxjYFGqrxwaOdylkwqZ1eNKS85GSoUkGId_sooRaA_KIsNx5CaiZTGBACOEDxfZpwCHZMvrXD4GqfjWyU1dIJ6LFXfwTVgOfse4UFONBbkI_nmoxFmO5adfmZdJGec62ihpFMYvyO3znCuzNUcmEdd4n6142Mo1Hj3SoISRXc7HDO567ZtoBxgQ5Vif8FeL5bIk_bG6uBdc77NnfKN_4tPvLPaSLaj0HQ6Tt7oboGiA0HXrKKzBlUcjkOoBgcrhJYhBnzOlwyQ-WZW-HV_ntBWs94yDsVj2CAJ54E2XRfoC-14Qm7L9adWl1FzUy7igg36FgnJn8gANTsKfApBgcjlpuzEvO73uXVC_7wEFWS2kOOMoCQej1sLZyeLru5-YQI04tMY0NoI5zOlphdDhsYnK9Wt82OFNkipqDA5HDKkoxr3ygnQZFIO0ZA98C4soLlncOLO-OunGAX3Id4loiUJcxANsMuaodEsVd688RVBs3JbKMLn1IrmXj3e91mx4XK49DhjyLs0UotWzVh3ov5_9soFkcbm3z9SPoS6zNvbLdqeKkDTDBFTcZiKTpLccZtZB28aLa3GQmN58X5wIEd_ZCzoG636CX3jW_nendgZJ2jYJO5wyuXwWOjF0noMppZiq-S3hQ9fBd0mp4xUag-htfYh_JwVqVIuOIbcMtezgWX45Z78mip_u-wn1tp_ldzyzjtoVlX1ReptRQb4v0eRW1kIb2hIa1IpIpsguas-Fumz8wFJize4olzeopi--l15rf33Xq8ib1Se7tkm8jFSq36hk_XB53-81X_xsnlYgalqUqztxReuaY-V0y92Xgxd4WXW1q9OmttVUquSq0Q91cRXWj72VB0qxBubwxjV8xQ69yIBXfYt7puSVxkuYFBiY-iFO3Ywio4p4o4Oypbv5UxsR7Zmhz0oQakQ-c2hgaFnJb7Wx0njev7eZwmqqnpenaVcFMZUSI34yVxVbB1x9_16m14b",
            "delegates": null,
            "id": "projects/-/serviceAccounts/435293159448-compute@developer.gserviceaccount.com",
            "lifetime": "3600s",
            "scopes": [
              "cloud-platform"
            ],
            "target_service_account": "435293159448-compute@developer.gserviceaccount.com"
          },
          "sensitive_attributes": []
        }
      ]
    },
    {
      "mode": "managed",
      "type": "docker_image",
      "name": "result",
      "provider": "provider[\"registry.terraform.io/kreuzwerker/docker\"]",
      "instances": [
        {
          "schema_version": 0,
          "attributes": {
            "build": [
              {
                "auth_config": [],
                "build_arg": null,
                "build_args": null,
                "build_id": "",
                "cache_from": [],
                "cgroup_parent": "",
                "context": "./result/",
                "cpu_period": null,
                "cpu_quota": null,
                "cpu_set_cpus": "",
                "cpu_set_mems": "",
                "cpu_shares": null,
                "dockerfile": "Dockerfile",
                "extra_hosts": [],
                "force_remove": null,
                "isolation": "",
                "label": null,
                "labels": null,
                "memory": null,
                "memory_swap": null,
                "network_mode": "",
                "no_cache": null,
                "platform": "",
                "pull_parent": null,
                "remote_context": "",
                "remove": true,
                "security_opt": [],
                "session_id": "",
                "shm_size": null,
                "squash": null,
                "suppress_output": null,
                "tag": [],
                "target": "",
                "ulimit": [],
                "version": ""
              }
            ],
            "force_remove": null,
            "id": "sha256:23edc57cb25f92188b6f6ac85c325c1df0025326646033beef1f7f4a7f6233f0europe-west9-docker.pkg.dev/terraform-maillard-frossard/repo-images/result",
            "image_id": "sha256:23edc57cb25f92188b6f6ac85c325c1df0025326646033beef1f7f4a7f6233f0",
            "keep_locally": null,
            "name": "europe-west9-docker.pkg.dev/terraform-maillard-frossard/repo-images/result",
            "platform": null,
            "pull_triggers": null,
            "repo_digest": "",
            "triggers": null
          },
          "sensitive_attributes": [],
          "private": "bnVsbA==",
          "dependencies": [
            "data.google_service_account_access_token.sa"
          ]
        }
      ]
    },
    {
      "mode": "managed",
      "type": "docker_image",
      "name": "seed-data",
      "provider": "provider[\"registry.terraform.io/kreuzwerker/docker\"]",
      "instances": [
        {
          "schema_version": 0,
          "attributes": {
            "build": [
              {
                "auth_config": [],
                "build_arg": null,
                "build_args": null,
                "build_id": "",
                "cache_from": [],
                "cgroup_parent": "",
                "context": "./seed-data/",
                "cpu_period": null,
                "cpu_quota": null,
                "cpu_set_cpus": "",
                "cpu_set_mems": "",
                "cpu_shares": null,
                "dockerfile": "Dockerfile",
                "extra_hosts": [],
                "force_remove": null,
                "isolation": "",
                "label": null,
                "labels": null,
                "memory": null,
                "memory_swap": null,
                "network_mode": "",
                "no_cache": null,
                "platform": "",
                "pull_parent": null,
                "remote_context": "",
                "remove": true,
                "security_opt": [],
                "session_id": "",
                "shm_size": null,
                "squash": null,
                "suppress_output": null,
                "tag": [],
                "target": "",
                "ulimit": [],
                "version": ""
              }
            ],
            "force_remove": null,
            "id": "sha256:1e91d0309e9e40e8960c6865c4fb4d2bfae1cc1ab64e7de4b6623f12cb65b772europe-west9-docker.pkg.dev/terraform-maillard-frossard/repo-images/seed-data",
            "image_id": "sha256:1e91d0309e9e40e8960c6865c4fb4d2bfae1cc1ab64e7de4b6623f12cb65b772",
            "keep_locally": null,
            "name": "europe-west9-docker.pkg.dev/terraform-maillard-frossard/repo-images/seed-data",
            "platform": null,
            "pull_triggers": null,
            "repo_digest": "",
            "triggers": null
          },
          "sensitive_attributes": [],
          "private": "bnVsbA==",
          "dependencies": [
            "data.google_service_account_access_token.sa"
          ]
        }
      ]
    },
    {
      "mode": "managed",
      "type": "docker_image",
      "name": "vote",
      "provider": "provider[\"registry.terraform.io/kreuzwerker/docker\"]",
      "instances": [
        {
          "schema_version": 0,
          "attributes": {
            "build": [
              {
                "auth_config": [],
                "build_arg": null,
                "build_args": null,
                "build_id": "",
                "cache_from": [],
                "cgroup_parent": "",
                "context": "./vote/",
                "cpu_period": null,
                "cpu_quota": null,
                "cpu_set_cpus": "",
                "cpu_set_mems": "",
                "cpu_shares": null,
                "dockerfile": "Dockerfile",
                "extra_hosts": [],
                "force_remove": null,
                "isolation": "",
                "label": null,
                "labels": null,
                "memory": null,
                "memory_swap": null,
                "network_mode": "",
                "no_cache": null,
                "platform": "",
                "pull_parent": null,
                "remote_context": "",
                "remove": true,
                "security_opt": [],
                "session_id": "",
                "shm_size": null,
                "squash": null,
                "suppress_output": null,
                "tag": [],
                "target": "",
                "ulimit": [],
                "version": ""
              }
            ],
            "force_remove": null,
            "id": "sha256:cf02ef1892c021eaec6b9c40cc1668f2e04b0062f260c632273bf7331f216805europe-west9-docker.pkg.dev/terraform-maillard-frossard/repo-images/vote",
            "image_id": "sha256:cf02ef1892c021eaec6b9c40cc1668f2e04b0062f260c632273bf7331f216805",
            "keep_locally": null,
            "name": "europe-west9-docker.pkg.dev/terraform-maillard-frossard/repo-images/vote",
            "platform": null,
            "pull_triggers": null,
            "repo_digest": "",
            "triggers": null
          },
          "sensitive_attributes": [],
          "private": "bnVsbA==",
          "dependencies": [
            "data.google_service_account_access_token.sa"
          ]
        }
      ]
    },
    {
      "mode": "managed",
      "type": "docker_image",
      "name": "worker",
      "provider": "provider[\"registry.terraform.io/kreuzwerker/docker\"]",
      "instances": [
        {
          "schema_version": 0,
          "attributes": {
            "build": [
              {
                "auth_config": [],
                "build_arg": null,
                "build_args": null,
                "build_id": "",
                "cache_from": [],
                "cgroup_parent": "",
                "context": "./worker/",
                "cpu_period": null,
                "cpu_quota": null,
                "cpu_set_cpus": "",
                "cpu_set_mems": "",
                "cpu_shares": null,
                "dockerfile": "Dockerfile",
                "extra_hosts": [],
                "force_remove": null,
                "isolation": "",
                "label": null,
                "labels": null,
                "memory": null,
                "memory_swap": null,
                "network_mode": "",
                "no_cache": null,
                "platform": "",
                "pull_parent": null,
                "remote_context": "",
                "remove": true,
                "security_opt": [],
                "session_id": "",
                "shm_size": null,
                "squash": null,
                "suppress_output": null,
                "tag": [],
                "target": "",
                "ulimit": [],
                "version": ""
              }
            ],
            "force_remove": null,
            "id": "sha256:8dfc96b1f2e2c3a244cd99d2252be4ab4b7a0062452a9a0a00e4a1b448d9ffd7europe-west9-docker.pkg.dev/terraform-maillard-frossard/repo-images/worker",
            "image_id": "sha256:8dfc96b1f2e2c3a244cd99d2252be4ab4b7a0062452a9a0a00e4a1b448d9ffd7",
            "keep_locally": null,
            "name": "europe-west9-docker.pkg.dev/terraform-maillard-frossard/repo-images/worker",
            "platform": null,
            "pull_triggers": null,
            "repo_digest": "",
            "triggers": null
          },
          "sensitive_attributes": [],
          "private": "bnVsbA==",
          "dependencies": [
            "data.google_service_account_access_token.sa"
          ]
        }
      ]
    },
    {
      "mode": "managed",
      "type": "docker_registry_image",
      "name": "result",
      "provider": "provider[\"registry.terraform.io/kreuzwerker/docker\"]",
      "instances": [
        {
          "schema_version": 0,
          "attributes": {
            "id": "sha256:20236ae5a63300dcec28c406d402ab62622ad62334e26467f0adbfe9a8c067b3",
            "insecure_skip_verify": false,
            "keep_remotely": true,
            "name": "europe-west9-docker.pkg.dev/terraform-maillard-frossard/repo-images/result",
            "sha256_digest": "sha256:20236ae5a63300dcec28c406d402ab62622ad62334e26467f0adbfe9a8c067b3",
            "triggers": null
          },
          "sensitive_attributes": [],
          "private": "bnVsbA==",
          "dependencies": [
            "data.google_service_account_access_token.sa",
            "docker_image.result"
          ]
        }
      ]
    },
    {
      "mode": "managed",
      "type": "docker_registry_image",
      "name": "seed-data",
      "provider": "provider[\"registry.terraform.io/kreuzwerker/docker\"]",
      "instances": [
        {
          "schema_version": 0,
          "attributes": {
            "id": "sha256:294fb27558d9607ac053faf61416df49f84a8cf74f62dc25f8b49006b30c63fc",
            "insecure_skip_verify": false,
            "keep_remotely": true,
            "name": "europe-west9-docker.pkg.dev/terraform-maillard-frossard/repo-images/seed-data",
            "sha256_digest": "sha256:294fb27558d9607ac053faf61416df49f84a8cf74f62dc25f8b49006b30c63fc",
            "triggers": null
          },
          "sensitive_attributes": [],
          "private": "bnVsbA==",
          "dependencies": [
            "data.google_service_account_access_token.sa",
            "docker_image.seed-data"
          ]
        }
      ]
    },
    {
      "mode": "managed",
      "type": "docker_registry_image",
      "name": "vote",
      "provider": "provider[\"registry.terraform.io/kreuzwerker/docker\"]",
      "instances": [
        {
          "schema_version": 0,
          "attributes": {
            "id": "sha256:828ad2b7217194261aa61e7c4b2b762f5ab520cb2bfaa156b599760d0147c517",
            "insecure_skip_verify": false,
            "keep_remotely": true,
            "name": "europe-west9-docker.pkg.dev/terraform-maillard-frossard/repo-images/vote",
            "sha256_digest": "sha256:828ad2b7217194261aa61e7c4b2b762f5ab520cb2bfaa156b599760d0147c517",
            "triggers": null
          },
          "sensitive_attributes": [],
          "private": "bnVsbA==",
          "dependencies": [
            "data.google_service_account_access_token.sa",
            "docker_image.vote"
          ]
        }
      ]
    },
    {
      "mode": "managed",
      "type": "docker_registry_image",
      "name": "worker",
      "provider": "provider[\"registry.terraform.io/kreuzwerker/docker\"]",
      "instances": [
        {
          "schema_version": 0,
          "attributes": {
            "id": "sha256:33ecad19ad166256db8e47b09cdab1024cec8acd1fa2a799b0cf995b29d2d1d1",
            "insecure_skip_verify": false,
            "keep_remotely": true,
            "name": "europe-west9-docker.pkg.dev/terraform-maillard-frossard/repo-images/worker",
            "sha256_digest": "sha256:33ecad19ad166256db8e47b09cdab1024cec8acd1fa2a799b0cf995b29d2d1d1",
            "triggers": null
          },
          "sensitive_attributes": [],
          "private": "bnVsbA==",
          "dependencies": [
            "data.google_service_account_access_token.sa",
            "docker_image.worker"
          ]
        }
      ]
    },
    {
      "mode": "managed",
      "type": "google_compute_network",
      "name": "myvpc",
      "provider": "provider[\"registry.terraform.io/hashicorp/google\"]",
      "instances": [
        {
          "schema_version": 0,
          "attributes": {
            "auto_create_subnetworks": false,
            "delete_default_routes_on_create": false,
            "description": "",
            "enable_ula_internal_ipv6": false,
            "gateway_ipv4": "",
            "id": "projects/terraform-maillard-frossard/global/networks/terraform-maillard-frossard-vpc",
            "internal_ipv6_range": "",
            "mtu": 0,
            "name": "terraform-maillard-frossard-vpc",
            "network_firewall_policy_enforcement_order": "AFTER_CLASSIC_FIREWALL",
            "project": "terraform-maillard-frossard",
            "routing_mode": "REGIONAL",
            "self_link": "https://www.googleapis.com/compute/v1/projects/terraform-maillard-frossard/global/networks/terraform-maillard-frossard-vpc",
            "timeouts": null
          },
          "sensitive_attributes": [],
          "private": "eyJlMmJmYjczMC1lY2FhLTExZTYtOGY4OC0zNDM2M2JjN2M0YzAiOnsiY3JlYXRlIjoxMjAwMDAwMDAwMDAwLCJkZWxldGUiOjEyMDAwMDAwMDAwMDAsInVwZGF0ZSI6MTIwMDAwMDAwMDAwMH19"
        }
      ]
    },
    {
      "mode": "managed",
      "type": "google_compute_subnetwork",
      "name": "mysubnet",
      "provider": "provider[\"registry.terraform.io/hashicorp/google\"]",
      "instances": [
        {
          "schema_version": 0,
          "attributes": {
            "creation_timestamp": "2024-03-27T06:25:15.201-07:00",
            "description": "",
            "external_ipv6_prefix": "",
            "fingerprint": null,
            "gateway_address": "10.10.0.1",
            "id": "projects/terraform-maillard-frossard/regions/europe-west9/subnetworks/terraform-maillard-frossard-subnet",
            "internal_ipv6_prefix": "",
            "ip_cidr_range": "10.10.0.0/24",
            "ipv6_access_type": "",
            "ipv6_cidr_range": "",
            "log_config": [],
            "name": "terraform-maillard-frossard-subnet",
            "network": "https://www.googleapis.com/compute/v1/projects/terraform-maillard-frossard/global/networks/terraform-maillard-frossard-vpc",
            "private_ip_google_access": true,
            "private_ipv6_google_access": "DISABLE_GOOGLE_ACCESS",
            "project": "terraform-maillard-frossard",
            "purpose": "PRIVATE",
            "region": "europe-west9",
            "role": "",
            "secondary_ip_range": [],
            "self_link": "https://www.googleapis.com/compute/v1/projects/terraform-maillard-frossard/regions/europe-west9/subnetworks/terraform-maillard-frossard-subnet",
            "stack_type": "IPV4_ONLY",
            "timeouts": null
          },
          "sensitive_attributes": [],
          "private": "eyJlMmJmYjczMC1lY2FhLTExZTYtOGY4OC0zNDM2M2JjN2M0YzAiOnsiY3JlYXRlIjoxMjAwMDAwMDAwMDAwLCJkZWxldGUiOjEyMDAwMDAwMDAwMDAsInVwZGF0ZSI6MTIwMDAwMDAwMDAwMH19",
          "dependencies": [
            "google_compute_network.myvpc"
          ]
        }
      ]
    },
    {
      "mode": "managed",
      "type": "google_compute_subnetwork",
      "name": "mysubnets",
      "provider": "provider[\"registry.terraform.io/hashicorp/google\"]",
      "instances": [
        {
          "index_key": "east",
          "schema_version": 0,
          "attributes": {
            "creation_timestamp": "2024-04-15T10:25:46.914-07:00",
            "description": "",
            "external_ipv6_prefix": "",
            "fingerprint": null,
            "gateway_address": "10.9.0.1",
            "id": "projects/terraform-maillard-frossard/regions/europe-north1/subnetworks/terraform-maillard-frossard-subnet-east",
            "internal_ipv6_prefix": "",
            "ip_cidr_range": "10.9.0.0/24",
            "ipv6_access_type": "",
            "ipv6_cidr_range": "",
            "log_config": [],
            "name": "terraform-maillard-frossard-subnet-east",
            "network": "https://www.googleapis.com/compute/v1/projects/terraform-maillard-frossard/global/networks/terraform-maillard-frossard-vpc",
            "private_ip_google_access": false,
            "private_ipv6_google_access": "DISABLE_GOOGLE_ACCESS",
            "project": "terraform-maillard-frossard",
            "purpose": "PRIVATE",
            "region": "europe-north1",
            "role": "",
            "secondary_ip_range": [],
            "self_link": "https://www.googleapis.com/compute/v1/projects/terraform-maillard-frossard/regions/europe-north1/subnetworks/terraform-maillard-frossard-subnet-east",
            "stack_type": "IPV4_ONLY",
            "timeouts": null
          },
          "sensitive_attributes": [],
          "private": "eyJlMmJmYjczMC1lY2FhLTExZTYtOGY4OC0zNDM2M2JjN2M0YzAiOnsiY3JlYXRlIjoxMjAwMDAwMDAwMDAwLCJkZWxldGUiOjEyMDAwMDAwMDAwMDAsInVwZGF0ZSI6MTIwMDAwMDAwMDAwMH19",
          "dependencies": [
            "google_compute_network.myvpc"
          ]
        },
        {
          "index_key": "west",
          "schema_version": 0,
          "attributes": {
            "creation_timestamp": "2024-04-15T10:25:45.553-07:00",
            "description": "",
            "external_ipv6_prefix": "",
            "fingerprint": null,
            "gateway_address": "10.8.0.1",
            "id": "projects/terraform-maillard-frossard/regions/europe-west1/subnetworks/terraform-maillard-frossard-subnet-west",
            "internal_ipv6_prefix": "",
            "ip_cidr_range": "10.8.0.0/24",
            "ipv6_access_type": "",
            "ipv6_cidr_range": "",
            "log_config": [],
            "name": "terraform-maillard-frossard-subnet-west",
            "network": "https://www.googleapis.com/compute/v1/projects/terraform-maillard-frossard/global/networks/terraform-maillard-frossard-vpc",
            "private_ip_google_access": false,
            "private_ipv6_google_access": "DISABLE_GOOGLE_ACCESS",
            "project": "terraform-maillard-frossard",
            "purpose": "PRIVATE",
            "region": "europe-west1",
            "role": "",
            "secondary_ip_range": [],
            "self_link": "https://www.googleapis.com/compute/v1/projects/terraform-maillard-frossard/regions/europe-west1/subnetworks/terraform-maillard-frossard-subnet-west",
            "stack_type": "IPV4_ONLY",
            "timeouts": null
          },
          "sensitive_attributes": [],
          "private": "eyJlMmJmYjczMC1lY2FhLTExZTYtOGY4OC0zNDM2M2JjN2M0YzAiOnsiY3JlYXRlIjoxMjAwMDAwMDAwMDAwLCJkZWxldGUiOjEyMDAwMDAwMDAwMDAsInVwZGF0ZSI6MTIwMDAwMDAwMDAwMH19",
          "dependencies": [
            "google_compute_network.myvpc"
          ]
        }
      ]
    },
    {
      "mode": "managed",
      "type": "google_container_cluster",
      "name": "mycluster",
      "provider": "provider[\"registry.terraform.io/hashicorp/google\"]",
      "instances": [
        {
          "schema_version": 2,
          "attributes": {
            "addons_config": [
              {
                "cloudrun_config": [],
                "config_connector_config": [],
                "dns_cache_config": [],
                "gce_persistent_disk_csi_driver_config": [
                  {
                    "enabled": true
                  }
                ],
                "gcp_filestore_csi_driver_config": [],
                "gcs_fuse_csi_driver_config": [],
                "gke_backup_agent_config": [],
                "horizontal_pod_autoscaling": [],
                "http_load_balancing": [],
                "network_policy_config": [
                  {
                    "disabled": true
                  }
                ]
              }
            ],
            "allow_net_admin": null,
            "authenticator_groups_config": [],
            "binary_authorization": [
              {
                "enabled": false,
                "evaluation_mode": ""
              }
            ],
            "cluster_autoscaling": [
              {
                "auto_provisioning_defaults": [],
                "enabled": false,
                "resource_limits": []
              }
            ],
            "cluster_ipv4_cidr": "10.216.0.0/14",
            "confidential_nodes": [],
            "cost_management_config": [],
            "database_encryption": [
              {
                "key_name": "",
                "state": "DECRYPTED"
              }
            ],
            "datapath_provider": "",
            "default_max_pods_per_node": 110,
            "default_snat_status": [
              {
                "disabled": false
              }
            ],
            "deletion_protection": true,
            "description": "",
            "dns_config": [],
            "enable_autopilot": false,
            "enable_intranode_visibility": false,
            "enable_k8s_beta_apis": [],
            "enable_kubernetes_alpha": false,
            "enable_l4_ilb_subsetting": false,
            "enable_legacy_abac": false,
            "enable_shielded_nodes": true,
            "enable_tpu": false,
            "endpoint": "34.163.78.206",
            "fleet": [],
            "gateway_api_config": [],
            "id": "projects/terraform-maillard-frossard/locations/europe-west9/clusters/terraform-maillard-frossard-gke",
            "identity_service_config": [],
            "initial_node_count": 1,
            "ip_allocation_policy": [
              {
                "additional_pod_ranges_config": [],
                "cluster_ipv4_cidr_block": "10.216.0.0/14",
                "cluster_secondary_range_name": "gke-terraform-maillard-frossard-gke-pods-655121e9",
                "pod_cidr_overprovision_config": [
                  {
                    "disabled": false
                  }
                ],
                "services_ipv4_cidr_block": "10.77.208.0/20",
                "services_secondary_range_name": "gke-terraform-maillard-frossard-gke-services-655121e9",
                "stack_type": "IPV4"
              }
            ],
            "label_fingerprint": "a9dc16a7",
            "location": "europe-west9",
            "logging_config": [
              {
                "enable_components": [
                  "SYSTEM_COMPONENTS",
                  "WORKLOADS"
                ]
              }
            ],
            "logging_service": "logging.googleapis.com/kubernetes",
            "maintenance_policy": [],
            "master_auth": [
              {
                "client_certificate": "",
                "client_certificate_config": [
                  {
                    "issue_client_certificate": false
                  }
                ],
                "client_key": "",
                "cluster_ca_certificate": "LS0tLS1CRUdJTiBDRVJUSUZJQ0FURS0tLS0tCk1JSUVMRENDQXBTZ0F3SUJBZ0lRZFNjNlc1U1hzZnM4Wk11NEVBQnk5REFOQmdrcWhraUc5dzBCQVFzRkFEQXYKTVMwd0t3WURWUVFERXlSa1l6aGhPVEE0WXkxak5HTTVMVFEyWXpRdFlXRmpZeTFqTlRNNE16WTBNR0kyTXpVdwpJQmNOTWpRd05ERTFNVFl5TlRRMVdoZ1BNakExTkRBME1EZ3hOekkxTkRWYU1DOHhMVEFyQmdOVkJBTVRKR1JqCk9HRTVNRGhqTFdNMFl6a3RORFpqTkMxaFlXTmpMV00xTXpnek5qUXdZall6TlRDQ0FhSXdEUVlKS29aSWh2Y04KQVFFQkJRQURnZ0dQQURDQ0FZb0NnZ0dCQUtCNU1QSkZrUFFZWWgzbUFFbTFVOEUyWTY1aXZ1VC9kWi9teHV1Vgp3N2c2QkIzcTRJWTBUZm40Zm1PMk81VjdDcDZsVVlCZjRtZkhGTUUwZnNQOXc1WEdXN0MxMDluYzBGckhoSU1PCmZRRHFZeGl1dW05WGNCeVl4UTVKb2ZIaDBrOWpTNTc1VkhpM3dmUkMwMFlIRDJ5U3lPekVWcHZFekNycHh5Z2wKQzdTNEQ2TU4vZE5DekpZU2pBS0YwbXhxYjB0Sm5qdy9NQVlmNWo5REI0aGRJQlJ4MlF4U3Bldm9DRENDTWloYgpOYzl1UjVxVUQ5UHhTU2tRRUdITU1ScXFHc1o5WXFmVlpnZmpQNjlha2tjUk5iRnF5MzM2RHdEVFBhUEc1TUpPClZDR1RvK1ZQQ1RCZDNkK0dmSHJUTTdlY3lQamd0RmsrUlVhVCtsTCt1WVNOZmdHNGdjZHZCOEM0VWoydFJBdFcKOHdTNUhnc3IxTUxydVJNWHhKUUwxSUVmRGl2U2U4YnZPWmpsWkl6TzZSc0ZxRGJpVTBjdGJJb2UyRmxZNnA2QQoyYUExdnNyK1oxRlNXeWlFaEt5Y3MwbzQ5S0ttNlh5a2c0bHh4T0RMTjhCMWFKWGpzK0JOeVF5UklvczlDY3dJCktmMXg3NTlCWVV6WTJ3SWxXMlZzV1MzLzl3SURBUUFCbzBJd1FEQU9CZ05WSFE4QkFmOEVCQU1DQWdRd0R3WUQKVlIwVEFRSC9CQVV3QXdFQi96QWRCZ05WSFE0RUZnUVVyMFlwYmVCRUZCZmQ4YUxrcnJJei94ckNlQXd3RFFZSgpLb1pJaHZjTkFRRUxCUUFEZ2dHQkFJU0lua3FKcUNlLzVzbWJmYWtuaExsNWViWmVXU3lkdEswUHpsdFg5eUlMClMzL0lUaU9ycDVMajRQRkdoMnByeFFlYno4ZnNidnRSYkZPVWJMcElUL0xwK3p2Q21WcDMrd2oybGJjQzh3UzYKOWxOTitSUWNEWlhyOGFmSzJKTDBwcURyQnFzb2hBNk1xekhrRjFuTytLenVpKzJSM3Z2MmZoT2pJVjlybTNGcApnQ0xTenZBOTAzS2p5Y1g1Mlo4c2hyQThkTWlZT1Z2ZnNBemNldTlqMTVjcDQyeTY2TVNnSFpSMU4rdjZkUWtJCklpZHJyakUrd2l5TG53RFBkNXFVb0JZVHFBYi9lYzhDVUVqRzdUMnE1YmJFOUs3aUhLcFZ4WTlXeGVwdjJ5YlUKeXVaemFPdEU1YmxhaWgzK3k0UFYybzN6Q0lmUmxjd0V0RHRGeW5XNmE1c3NYaEI4eERRRWVCWmlCdEpoVEYxOQpYNnRyZ2pKZkZIWGRtR3ZZdm91WHREN2owWmNjcXhSbGxEcFJURG1IUW0vUTI4d0hNZU9yOEpNVXV0UFphcEdkCjBtaTZqQnovZHFjbVRhYmYzMVJDdDBLZ2VPQ05STHBNQXM1c0x4N2h4V2RSNkxFbnpBREFDYmhHdkdLQTBKM0IKV2VnTnR6USt5S3BDbnMzNGdGRG9kdz09Ci0tLS0tRU5EIENFUlRJRklDQVRFLS0tLS0K"
              }
            ],
            "master_authorized_networks_config": [],
            "master_version": "1.27.8-gke.1067004",
            "mesh_certificates": [],
            "min_master_version": null,
            "monitoring_config": [
              {
                "advanced_datapath_observability_config": [
                  {
                    "enable_metrics": false,
                    "relay_mode": ""
                  }
                ],
                "enable_components": [
                  "SYSTEM_COMPONENTS"
                ],
                "managed_prometheus": [
                  {
                    "enabled": true
                  }
                ]
              }
            ],
            "monitoring_service": "monitoring.googleapis.com/kubernetes",
            "name": "terraform-maillard-frossard-gke",
            "network": "projects/terraform-maillard-frossard/global/networks/terraform-maillard-frossard-vpc",
            "network_policy": [
              {
                "enabled": false,
                "provider": "PROVIDER_UNSPECIFIED"
              }
            ],
            "networking_mode": "VPC_NATIVE",
            "node_config": [
              {
                "advanced_machine_features": [],
                "boot_disk_kms_key": "",
                "confidential_nodes": [],
                "disk_size_gb": 100,
                "disk_type": "pd-balanced",
                "effective_taints": [],
                "ephemeral_storage_local_ssd_config": [],
                "fast_socket": [],
                "gcfs_config": [],
                "guest_accelerator": [],
                "gvnic": [],
                "host_maintenance_policy": [],
                "image_type": "COS_CONTAINERD",
                "kubelet_config": [],
                "labels": {},
                "linux_node_config": [],
                "local_nvme_ssd_block_config": [],
                "local_ssd_count": 0,
                "logging_variant": "DEFAULT",
                "machine_type": "e2-medium",
                "metadata": {
                  "disable-legacy-endpoints": "true"
                },
                "min_cpu_platform": "",
                "node_group": "",
                "oauth_scopes": [
                  "https://www.googleapis.com/auth/devstorage.read_only",
                  "https://www.googleapis.com/auth/logging.write",
                  "https://www.googleapis.com/auth/monitoring",
                  "https://www.googleapis.com/auth/service.management.readonly",
                  "https://www.googleapis.com/auth/servicecontrol",
                  "https://www.googleapis.com/auth/trace.append"
                ],
                "preemptible": false,
                "reservation_affinity": [],
                "resource_labels": {},
                "service_account": "default",
                "shielded_instance_config": [
                  {
                    "enable_integrity_monitoring": true,
                    "enable_secure_boot": false
                  }
                ],
                "sole_tenant_config": [],
                "spot": false,
                "tags": [],
                "taint": [],
                "workload_metadata_config": []
              }
            ],
            "node_locations": [
              "europe-west9-a",
              "europe-west9-b",
              "europe-west9-c"
            ],
            "node_pool": [
              {
                "autoscaling": [],
                "initial_node_count": 1,
                "instance_group_urls": [
                  "https://www.googleapis.com/compute/v1/projects/terraform-maillard-frossard/zones/europe-west9-b/instanceGroupManagers/gke-terraform-maillard-f-default-pool-97965353-grp",
                  "https://www.googleapis.com/compute/v1/projects/terraform-maillard-frossard/zones/europe-west9-c/instanceGroupManagers/gke-terraform-maillard-f-default-pool-4604738e-grp",
                  "https://www.googleapis.com/compute/v1/projects/terraform-maillard-frossard/zones/europe-west9-a/instanceGroupManagers/gke-terraform-maillard-f-default-pool-eca5e669-grp"
                ],
                "managed_instance_group_urls": [
                  "https://www.googleapis.com/compute/v1/projects/terraform-maillard-frossard/zones/europe-west9-b/instanceGroups/gke-terraform-maillard-f-default-pool-97965353-grp",
                  "https://www.googleapis.com/compute/v1/projects/terraform-maillard-frossard/zones/europe-west9-c/instanceGroups/gke-terraform-maillard-f-default-pool-4604738e-grp",
                  "https://www.googleapis.com/compute/v1/projects/terraform-maillard-frossard/zones/europe-west9-a/instanceGroups/gke-terraform-maillard-f-default-pool-eca5e669-grp"
                ],
                "management": [
                  {
                    "auto_repair": true,
                    "auto_upgrade": true
                  }
                ],
                "max_pods_per_node": 110,
                "name": "default-pool",
                "name_prefix": "",
                "network_config": [
                  {
                    "create_pod_range": false,
                    "enable_private_nodes": false,
                    "pod_cidr_overprovision_config": [],
                    "pod_ipv4_cidr_block": "10.216.0.0/14",
                    "pod_range": "gke-terraform-maillard-frossard-gke-pods-655121e9"
                  }
                ],
                "node_config": [
                  {
                    "advanced_machine_features": [],
                    "boot_disk_kms_key": "",
                    "confidential_nodes": [],
                    "disk_size_gb": 100,
                    "disk_type": "pd-balanced",
                    "effective_taints": [],
                    "ephemeral_storage_local_ssd_config": [],
                    "fast_socket": [],
                    "gcfs_config": [],
                    "guest_accelerator": [],
                    "gvnic": [],
                    "host_maintenance_policy": [],
                    "image_type": "COS_CONTAINERD",
                    "kubelet_config": [],
                    "labels": {},
                    "linux_node_config": [],
                    "local_nvme_ssd_block_config": [],
                    "local_ssd_count": 0,
                    "logging_variant": "DEFAULT",
                    "machine_type": "e2-medium",
                    "metadata": {
                      "disable-legacy-endpoints": "true"
                    },
                    "min_cpu_platform": "",
                    "node_group": "",
                    "oauth_scopes": [
                      "https://www.googleapis.com/auth/devstorage.read_only",
                      "https://www.googleapis.com/auth/logging.write",
                      "https://www.googleapis.com/auth/monitoring",
                      "https://www.googleapis.com/auth/service.management.readonly",
                      "https://www.googleapis.com/auth/servicecontrol",
                      "https://www.googleapis.com/auth/trace.append"
                    ],
                    "preemptible": false,
                    "reservation_affinity": [],
                    "resource_labels": {},
                    "service_account": "default",
                    "shielded_instance_config": [
                      {
                        "enable_integrity_monitoring": true,
                        "enable_secure_boot": false
                      }
                    ],
                    "sole_tenant_config": [],
                    "spot": false,
                    "tags": [],
                    "taint": [],
                    "workload_metadata_config": []
                  }
                ],
                "node_count": 1,
                "node_locations": [
                  "europe-west9-a",
                  "europe-west9-b",
                  "europe-west9-c"
                ],
                "placement_policy": [],
                "upgrade_settings": [
                  {
                    "blue_green_settings": [],
                    "max_surge": 1,
                    "max_unavailable": 0,
                    "strategy": "SURGE"
                  }
                ],
                "version": "1.27.8-gke.1067004"
              }
            ],
            "node_pool_auto_config": [],
            "node_pool_defaults": [
              {
                "node_config_defaults": [
                  {
                    "logging_variant": "DEFAULT"
                  }
                ]
              }
            ],
            "node_version": "1.27.8-gke.1067004",
            "notification_config": [
              {
                "pubsub": [
                  {
                    "enabled": false,
                    "filter": [],
                    "topic": ""
                  }
                ]
              }
            ],
            "operation": null,
            "private_cluster_config": [
              {
                "enable_private_endpoint": false,
                "enable_private_nodes": false,
                "master_global_access_config": [
                  {
                    "enabled": false
                  }
                ],
                "master_ipv4_cidr_block": "",
                "peering_name": "",
                "private_endpoint": "10.10.0.6",
                "private_endpoint_subnetwork": "",
                "public_endpoint": "34.163.78.206"
              }
            ],
            "private_ipv6_google_access": "",
            "project": "terraform-maillard-frossard",
            "release_channel": [
              {
                "channel": "REGULAR"
              }
            ],
            "remove_default_node_pool": false,
            "resource_labels": null,
            "resource_usage_export_config": [],
            "security_posture_config": [
              {
                "mode": "BASIC",
                "vulnerability_mode": "VULNERABILITY_MODE_UNSPECIFIED"
              }
            ],
            "self_link": "https://container.googleapis.com/v1/projects/terraform-maillard-frossard/locations/europe-west9/clusters/terraform-maillard-frossard-gke",
            "service_external_ips_config": [
              {
                "enabled": false
              }
            ],
            "services_ipv4_cidr": "10.77.208.0/20",
            "subnetwork": "projects/terraform-maillard-frossard/regions/europe-west9/subnetworks/terraform-maillard-frossard-subnet",
            "timeouts": null,
            "tpu_ipv4_cidr_block": "",
            "vertical_pod_autoscaling": [],
            "workload_identity_config": []
          },
          "sensitive_attributes": [],
          "private": "eyJlMmJmYjczMC1lY2FhLTExZTYtOGY4OC0zNDM2M2JjN2M0YzAiOnsiY3JlYXRlIjoyNDAwMDAwMDAwMDAwLCJkZWxldGUiOjI0MDAwMDAwMDAwMDAsInJlYWQiOjI0MDAwMDAwMDAwMDAsInVwZGF0ZSI6MzYwMDAwMDAwMDAwMH0sInNjaGVtYV92ZXJzaW9uIjoiMiJ9",
          "dependencies": [
            "google_compute_network.myvpc",
            "google_compute_subnetwork.mysubnet"
          ]
        }
      ]
    },
    {
      "mode": "managed",
      "type": "kubernetes_service_v1",
      "name": "postgres",
      "provider": "provider[\"registry.terraform.io/hashicorp/kubernetes\"]",
      "instances": [
        {
          "schema_version": 1,
          "attributes": {
            "id": "default/db",
            "metadata": [
              {
                "annotations": {
                  "cloud.google.com/neg": "{\"ingress\":true}"
                },
                "generate_name": "",
                "generation": 0,
                "labels": null,
                "name": "db",
                "namespace": "default",
                "resource_version": "1748",
                "uid": "a462af3a-5051-47d5-a8aa-53c33ff99713"
              }
            ],
            "spec": [
              {
                "allocate_load_balancer_node_ports": true,
                "cluster_ip": "10.77.210.67",
                "cluster_ips": [
                  "10.77.210.67"
                ],
                "external_ips": null,
                "external_name": "",
                "external_traffic_policy": "",
                "health_check_node_port": 0,
                "internal_traffic_policy": "Cluster",
                "ip_families": [
                  "IPv4"
                ],
                "ip_family_policy": "SingleStack",
                "load_balancer_class": "",
                "load_balancer_ip": "",
                "load_balancer_source_ranges": null,
                "port": [
                  {
                    "app_protocol": "",
                    "name": "",
                    "node_port": 0,
                    "port": 5432,
                    "protocol": "TCP",
                    "target_port": "5432"
                  }
                ],
                "publish_not_ready_addresses": false,
                "selector": {
                  "app": "db"
                },
                "session_affinity": "None",
                "session_affinity_config": [],
                "type": "ClusterIP"
              }
            ],
            "status": [
              {
                "load_balancer": [
                  {
                    "ingress": []
                  }
                ]
              }
            ],
            "timeouts": null,
            "wait_for_load_balancer": true
          },
          "sensitive_attributes": [],
          "private": "eyJlMmJmYjczMC1lY2FhLTExZTYtOGY4OC0zNDM2M2JjN2M0YzAiOnsiY3JlYXRlIjo2MDAwMDAwMDAwMDB9LCJzY2hlbWFfdmVyc2lvbiI6IjEifQ==",
          "dependencies": [
            "data.google_client_config.default",
            "google_compute_network.myvpc",
            "google_compute_subnetwork.mysubnet",
            "google_container_cluster.mycluster"
          ]
        }
      ]
    },
    {
      "mode": "managed",
      "type": "kubernetes_service_v1",
      "name": "redis",
      "provider": "provider[\"registry.terraform.io/hashicorp/kubernetes\"]",
      "instances": [
        {
          "schema_version": 1,
          "attributes": {
            "id": "default/redis",
            "metadata": [
              {
                "annotations": {
                  "cloud.google.com/neg": "{\"ingress\":true}"
                },
                "generate_name": "",
                "generation": 0,
                "labels": null,
                "name": "redis",
                "namespace": "default",
                "resource_version": "1744",
                "uid": "c8ffbf34-58c7-4d58-bc5b-4a72b21a2933"
              }
            ],
            "spec": [
              {
                "allocate_load_balancer_node_ports": true,
                "cluster_ip": "10.77.209.91",
                "cluster_ips": [
                  "10.77.209.91"
                ],
                "external_ips": null,
                "external_name": "",
                "external_traffic_policy": "",
                "health_check_node_port": 0,
                "internal_traffic_policy": "Cluster",
                "ip_families": [
                  "IPv4"
                ],
                "ip_family_policy": "SingleStack",
                "load_balancer_class": "",
                "load_balancer_ip": "",
                "load_balancer_source_ranges": null,
                "port": [
                  {
                    "app_protocol": "",
                    "name": "",
                    "node_port": 0,
                    "port": 6379,
                    "protocol": "TCP",
                    "target_port": "6379"
                  }
                ],
                "publish_not_ready_addresses": false,
                "selector": {
                  "app": "redis"
                },
                "session_affinity": "None",
                "session_affinity_config": [],
                "type": "ClusterIP"
              }
            ],
            "status": [
              {
                "load_balancer": [
                  {
                    "ingress": []
                  }
                ]
              }
            ],
            "timeouts": null,
            "wait_for_load_balancer": true
          },
          "sensitive_attributes": [],
          "private": "eyJlMmJmYjczMC1lY2FhLTExZTYtOGY4OC0zNDM2M2JjN2M0YzAiOnsiY3JlYXRlIjo2MDAwMDAwMDAwMDB9LCJzY2hlbWFfdmVyc2lvbiI6IjEifQ==",
          "dependencies": [
            "data.google_client_config.default",
            "google_compute_network.myvpc",
            "google_compute_subnetwork.mysubnet",
            "google_container_cluster.mycluster"
          ]
        }
      ]
    },
    {
      "mode": "managed",
      "type": "kubernetes_service_v1",
      "name": "result",
      "provider": "provider[\"registry.terraform.io/hashicorp/kubernetes\"]",
      "instances": [
        {
          "schema_version": 1,
          "attributes": {
            "id": "default/result",
            "metadata": [
              {
                "annotations": {
                  "cloud.google.com/neg": "{\"ingress\":true}"
                },
                "generate_name": "",
                "generation": 0,
                "labels": null,
                "name": "result",
                "namespace": "default",
                "resource_version": "2404",
                "uid": "da594479-0ad1-4a1b-951a-eab83d718806"
              }
            ],
            "spec": [
              {
                "allocate_load_balancer_node_ports": true,
                "cluster_ip": "10.77.219.136",
                "cluster_ips": [
                  "10.77.219.136"
                ],
                "external_ips": null,
                "external_name": "",
                "external_traffic_policy": "Cluster",
                "health_check_node_port": 0,
                "internal_traffic_policy": "Cluster",
                "ip_families": [
                  "IPv4"
                ],
                "ip_family_policy": "SingleStack",
                "load_balancer_class": "",
                "load_balancer_ip": "",
                "load_balancer_source_ranges": null,
                "port": [
                  {
                    "app_protocol": "",
                    "name": "",
                    "node_port": 30684,
                    "port": 4000,
                    "protocol": "TCP",
                    "target_port": "4000"
                  }
                ],
                "publish_not_ready_addresses": false,
                "selector": {
                  "app": "result"
                },
                "session_affinity": "None",
                "session_affinity_config": [],
                "type": "LoadBalancer"
              }
            ],
            "status": [
              {
                "load_balancer": [
                  {
                    "ingress": [
                      {
                        "hostname": "",
                        "ip": "34.163.79.33"
                      }
                    ]
                  }
                ]
              }
            ],
            "timeouts": null,
            "wait_for_load_balancer": true
          },
          "sensitive_attributes": [],
          "private": "eyJlMmJmYjczMC1lY2FhLTExZTYtOGY4OC0zNDM2M2JjN2M0YzAiOnsiY3JlYXRlIjo2MDAwMDAwMDAwMDB9LCJzY2hlbWFfdmVyc2lvbiI6IjEifQ==",
          "dependencies": [
            "data.google_client_config.default",
            "google_compute_network.myvpc",
            "google_compute_subnetwork.mysubnet",
            "google_container_cluster.mycluster"
          ]
        }
      ]
    },
    {
      "mode": "managed",
      "type": "kubernetes_service_v1",
      "name": "vote",
      "provider": "provider[\"registry.terraform.io/hashicorp/kubernetes\"]",
      "instances": [
        {
          "schema_version": 1,
          "attributes": {
            "id": "default/vote",
            "metadata": [
              {
                "annotations": {
                  "cloud.google.com/neg": "{\"ingress\":true}"
                },
                "generate_name": "",
                "generation": 0,
                "labels": null,
                "name": "vote",
                "namespace": "default",
                "resource_version": "2343",
                "uid": "efb71042-e82f-479b-a6e0-a7b551241867"
              }
            ],
            "spec": [
              {
                "allocate_load_balancer_node_ports": true,
                "cluster_ip": "10.77.220.129",
                "cluster_ips": [
                  "10.77.220.129"
                ],
                "external_ips": null,
                "external_name": "",
                "external_traffic_policy": "Cluster",
                "health_check_node_port": 0,
                "internal_traffic_policy": "Cluster",
                "ip_families": [
                  "IPv4"
                ],
                "ip_family_policy": "SingleStack",
                "load_balancer_class": "",
                "load_balancer_ip": "",
                "load_balancer_source_ranges": null,
                "port": [
                  {
                    "app_protocol": "",
                    "name": "",
                    "node_port": 31455,
                    "port": 5000,
                    "protocol": "TCP",
                    "target_port": "5000"
                  }
                ],
                "publish_not_ready_addresses": false,
                "selector": {
                  "app": "vote"
                },
                "session_affinity": "None",
                "session_affinity_config": [],
                "type": "LoadBalancer"
              }
            ],
            "status": [
              {
                "load_balancer": [
                  {
                    "ingress": [
                      {
                        "hostname": "",
                        "ip": "34.163.37.21"
                      }
                    ]
                  }
                ]
              }
            ],
            "timeouts": null,
            "wait_for_load_balancer": true
          },
          "sensitive_attributes": [],
          "private": "eyJlMmJmYjczMC1lY2FhLTExZTYtOGY4OC0zNDM2M2JjN2M0YzAiOnsiY3JlYXRlIjo2MDAwMDAwMDAwMDB9LCJzY2hlbWFfdmVyc2lvbiI6IjEifQ==",
          "dependencies": [
            "data.google_client_config.default",
            "google_compute_network.myvpc",
            "google_compute_subnetwork.mysubnet",
            "google_container_cluster.mycluster"
          ]
        }
      ]
    },
    {
      "module": "module.postgres-deployment",
      "mode": "managed",
      "type": "kubernetes_deployment_v1",
      "name": "postgres",
      "provider": "provider[\"registry.terraform.io/hashicorp/kubernetes\"]",
      "instances": [
        {
          "schema_version": 1,
          "attributes": {
            "id": "default/db",
            "metadata": [
              {
                "annotations": null,
                "generate_name": "",
                "generation": 1,
                "labels": null,
                "name": "db",
                "namespace": "default",
                "resource_version": "2063",
                "uid": "01356c1d-bfd6-4444-8e75-d7704e3e1e70"
              }
            ],
            "spec": [
              {
                "min_ready_seconds": 0,
                "paused": false,
                "progress_deadline_seconds": 600,
                "replicas": "1",
                "revision_history_limit": 10,
                "selector": [
                  {
                    "match_expressions": [],
                    "match_labels": {
                      "app": "db"
                    }
                  }
                ],
                "strategy": [
                  {
                    "rolling_update": [
                      {
                        "max_surge": "25%",
                        "max_unavailable": "25%"
                      }
                    ],
                    "type": "RollingUpdate"
                  }
                ],
                "template": [
                  {
                    "metadata": [
                      {
                        "annotations": null,
                        "generate_name": "",
                        "generation": 0,
                        "labels": {
                          "app": "db",
                          "back-tier": "true"
                        },
                        "name": "db",
                        "namespace": "",
                        "resource_version": "",
                        "uid": ""
                      }
                    ],
                    "spec": [
                      {
                        "active_deadline_seconds": 0,
                        "affinity": [],
                        "automount_service_account_token": true,
                        "container": [
                          {
                            "args": null,
                            "command": null,
                            "env": [
                              {
                                "name": "POSTGRES_DB",
                                "value": "postgres",
                                "value_from": []
                              },
                              {
                                "name": "POSTGRES_PASSWORD",
                                "value": "postgres",
                                "value_from": []
                              },
                              {
                                "name": "POSTGRES_USER",
                                "value": "postgres",
                                "value_from": []
                              }
                            ],
                            "env_from": [],
                            "image": "postgres:latest",
                            "image_pull_policy": "Always",
                            "lifecycle": [],
                            "liveness_probe": [],
                            "name": "db",
                            "port": [
                              {
                                "container_port": 5432,
                                "host_ip": "",
                                "host_port": 5432,
                                "name": "",
                                "protocol": "TCP"
                              }
                            ],
                            "readiness_probe": [],
                            "resources": [
                              {
                                "limits": {},
                                "requests": {}
                              }
                            ],
                            "security_context": [],
                            "startup_probe": [],
                            "stdin": false,
                            "stdin_once": false,
                            "termination_message_path": "/dev/termination-log",
                            "termination_message_policy": "File",
                            "tty": false,
                            "volume_mount": [],
                            "working_dir": ""
                          }
                        ],
                        "dns_config": [],
                        "dns_policy": "ClusterFirst",
                        "enable_service_links": true,
                        "host_aliases": [],
                        "host_ipc": false,
                        "host_network": false,
                        "host_pid": false,
                        "hostname": "",
                        "image_pull_secrets": [],
                        "init_container": [],
                        "node_name": "",
                        "node_selector": null,
                        "os": [],
                        "priority_class_name": "",
                        "readiness_gate": [],
                        "restart_policy": "Always",
                        "runtime_class_name": "",
                        "scheduler_name": "default-scheduler",
                        "security_context": [],
                        "service_account_name": "",
                        "share_process_namespace": false,
                        "subdomain": "",
                        "termination_grace_period_seconds": 30,
                        "toleration": [],
                        "topology_spread_constraint": [],
                        "volume": []
                      }
                    ]
                  }
                ]
              }
            ],
            "timeouts": null,
            "wait_for_rollout": true
          },
          "sensitive_attributes": [],
          "private": "eyJlMmJmYjczMC1lY2FhLTExZTYtOGY4OC0zNDM2M2JjN2M0YzAiOnsiY3JlYXRlIjo2MDAwMDAwMDAwMDAsImRlbGV0ZSI6NjAwMDAwMDAwMDAwLCJ1cGRhdGUiOjYwMDAwMDAwMDAwMH0sInNjaGVtYV92ZXJzaW9uIjoiMSJ9",
          "dependencies": [
            "data.google_client_config.default",
            "google_compute_network.myvpc",
            "google_compute_subnetwork.mysubnet",
            "google_container_cluster.mycluster"
          ]
        }
      ]
    },
    {
      "module": "module.redis-deployment",
      "mode": "managed",
      "type": "kubernetes_deployment_v1",
      "name": "redis",
      "provider": "provider[\"registry.terraform.io/hashicorp/kubernetes\"]",
      "instances": [
        {
          "schema_version": 1,
          "attributes": {
            "id": "default/redis",
            "metadata": [
              {
                "annotations": null,
                "generate_name": "",
                "generation": 1,
                "labels": null,
                "name": "redis",
                "namespace": "default",
                "resource_version": "1925",
                "uid": "42c80e65-b830-4c11-a30f-35b67f32495f"
              }
            ],
            "spec": [
              {
                "min_ready_seconds": 0,
                "paused": false,
                "progress_deadline_seconds": 600,
                "replicas": "1",
                "revision_history_limit": 10,
                "selector": [
                  {
                    "match_expressions": [],
                    "match_labels": {
                      "app": "redis"
                    }
                  }
                ],
                "strategy": [
                  {
                    "rolling_update": [
                      {
                        "max_surge": "25%",
                        "max_unavailable": "25%"
                      }
                    ],
                    "type": "RollingUpdate"
                  }
                ],
                "template": [
                  {
                    "metadata": [
                      {
                        "annotations": null,
                        "generate_name": "",
                        "generation": 0,
                        "labels": {
                          "app": "redis",
                          "back-tier": "true"
                        },
                        "name": "redis",
                        "namespace": "",
                        "resource_version": "",
                        "uid": ""
                      }
                    ],
                    "spec": [
                      {
                        "active_deadline_seconds": 0,
                        "affinity": [],
                        "automount_service_account_token": true,
                        "container": [
                          {
                            "args": null,
                            "command": null,
                            "env": [],
                            "env_from": [],
                            "image": "redis:latest",
                            "image_pull_policy": "Always",
                            "lifecycle": [],
                            "liveness_probe": [],
                            "name": "redis",
                            "port": [
                              {
                                "container_port": 6379,
                                "host_ip": "",
                                "host_port": 6379,
                                "name": "",
                                "protocol": "TCP"
                              }
                            ],
                            "readiness_probe": [],
                            "resources": [
                              {
                                "limits": {},
                                "requests": {}
                              }
                            ],
                            "security_context": [],
                            "startup_probe": [],
                            "stdin": false,
                            "stdin_once": false,
                            "termination_message_path": "/dev/termination-log",
                            "termination_message_policy": "File",
                            "tty": false,
                            "volume_mount": [],
                            "working_dir": ""
                          }
                        ],
                        "dns_config": [],
                        "dns_policy": "ClusterFirst",
                        "enable_service_links": true,
                        "host_aliases": [],
                        "host_ipc": false,
                        "host_network": false,
                        "host_pid": false,
                        "hostname": "",
                        "image_pull_secrets": [],
                        "init_container": [],
                        "node_name": "",
                        "node_selector": null,
                        "os": [],
                        "priority_class_name": "",
                        "readiness_gate": [],
                        "restart_policy": "Always",
                        "runtime_class_name": "",
                        "scheduler_name": "default-scheduler",
                        "security_context": [],
                        "service_account_name": "",
                        "share_process_namespace": false,
                        "subdomain": "",
                        "termination_grace_period_seconds": 30,
                        "toleration": [],
                        "topology_spread_constraint": [],
                        "volume": []
                      }
                    ]
                  }
                ]
              }
            ],
            "timeouts": null,
            "wait_for_rollout": true
          },
          "sensitive_attributes": [],
          "private": "eyJlMmJmYjczMC1lY2FhLTExZTYtOGY4OC0zNDM2M2JjN2M0YzAiOnsiY3JlYXRlIjo2MDAwMDAwMDAwMDAsImRlbGV0ZSI6NjAwMDAwMDAwMDAwLCJ1cGRhdGUiOjYwMDAwMDAwMDAwMH0sInNjaGVtYV92ZXJzaW9uIjoiMSJ9",
          "dependencies": [
            "data.google_client_config.default",
            "google_compute_network.myvpc",
            "google_compute_subnetwork.mysubnet",
            "google_container_cluster.mycluster"
          ]
        }
      ]
    },
    {
      "module": "module.result-deployment",
      "mode": "managed",
      "type": "kubernetes_deployment_v1",
      "name": "result",
      "provider": "provider[\"registry.terraform.io/hashicorp/kubernetes\"]",
      "instances": [
        {
          "schema_version": 1,
          "attributes": {
            "id": "default/result",
            "metadata": [
              {
                "annotations": null,
                "generate_name": "",
                "generation": 1,
                "labels": null,
                "name": "result",
                "namespace": "default",
                "resource_version": "2335",
                "uid": "3cf84583-35f4-468f-8cf9-bf48327a46d3"
              }
            ],
            "spec": [
              {
                "min_ready_seconds": 0,
                "paused": false,
                "progress_deadline_seconds": 600,
                "replicas": "1",
                "revision_history_limit": 10,
                "selector": [
                  {
                    "match_expressions": [],
                    "match_labels": {
                      "app": "result"
                    }
                  }
                ],
                "strategy": [
                  {
                    "rolling_update": [
                      {
                        "max_surge": "25%",
                        "max_unavailable": "25%"
                      }
                    ],
                    "type": "RollingUpdate"
                  }
                ],
                "template": [
                  {
                    "metadata": [
                      {
                        "annotations": null,
                        "generate_name": "",
                        "generation": 0,
                        "labels": {
                          "app": "result",
                          "back-tier": "true",
                          "front-tier": "true"
                        },
                        "name": "result",
                        "namespace": "",
                        "resource_version": "",
                        "uid": ""
                      }
                    ],
                    "spec": [
                      {
                        "active_deadline_seconds": 0,
                        "affinity": [],
                        "automount_service_account_token": true,
                        "container": [
                          {
                            "args": null,
                            "command": null,
                            "env": [],
                            "env_from": [],
                            "image": "europe-west9-docker.pkg.dev/terraform-maillard-frossard/repo-images/result",
                            "image_pull_policy": "Always",
                            "lifecycle": [],
                            "liveness_probe": [],
                            "name": "result",
                            "port": [
                              {
                                "container_port": 4000,
                                "host_ip": "",
                                "host_port": 4000,
                                "name": "",
                                "protocol": "TCP"
                              }
                            ],
                            "readiness_probe": [],
                            "resources": [
                              {
                                "limits": {},
                                "requests": {}
                              }
                            ],
                            "security_context": [],
                            "startup_probe": [],
                            "stdin": false,
                            "stdin_once": false,
                            "termination_message_path": "/dev/termination-log",
                            "termination_message_policy": "File",
                            "tty": false,
                            "volume_mount": [],
                            "working_dir": ""
                          }
                        ],
                        "dns_config": [],
                        "dns_policy": "ClusterFirst",
                        "enable_service_links": true,
                        "host_aliases": [],
                        "host_ipc": false,
                        "host_network": false,
                        "host_pid": false,
                        "hostname": "",
                        "image_pull_secrets": [],
                        "init_container": [],
                        "node_name": "",
                        "node_selector": null,
                        "os": [],
                        "priority_class_name": "",
                        "readiness_gate": [],
                        "restart_policy": "Always",
                        "runtime_class_name": "",
                        "scheduler_name": "default-scheduler",
                        "security_context": [],
                        "service_account_name": "",
                        "share_process_namespace": false,
                        "subdomain": "",
                        "termination_grace_period_seconds": 30,
                        "toleration": [],
                        "topology_spread_constraint": [],
                        "volume": []
                      }
                    ]
                  }
                ]
              }
            ],
            "timeouts": null,
            "wait_for_rollout": true
          },
          "sensitive_attributes": [],
          "private": "eyJlMmJmYjczMC1lY2FhLTExZTYtOGY4OC0zNDM2M2JjN2M0YzAiOnsiY3JlYXRlIjo2MDAwMDAwMDAwMDAsImRlbGV0ZSI6NjAwMDAwMDAwMDAwLCJ1cGRhdGUiOjYwMDAwMDAwMDAwMH0sInNjaGVtYV92ZXJzaW9uIjoiMSJ9",
          "dependencies": [
            "data.google_client_config.default",
            "data.google_service_account_access_token.sa",
            "docker_image.result",
            "google_compute_network.myvpc",
            "google_compute_subnetwork.mysubnet",
            "google_container_cluster.mycluster"
          ]
        }
      ]
    },
    {
      "module": "module.seed-data-deployment",
      "mode": "managed",
      "type": "kubernetes_job_v1",
      "name": "seed-data",
      "provider": "provider[\"registry.terraform.io/hashicorp/kubernetes\"]",
      "instances": [
        {
          "schema_version": 1,
          "attributes": {
            "id": "default/seed-data",
            "metadata": [
              {
                "annotations": null,
                "generate_name": "",
                "generation": 0,
                "labels": {},
                "name": "seed-data",
                "namespace": "default",
                "resource_version": "",
                "uid": ""
              }
            ],
            "spec": [
              {
                "active_deadline_seconds": 0,
                "backoff_limit": 6,
                "completion_mode": "",
                "completions": 1,
                "manual_selector": false,
                "parallelism": 1,
                "pod_failure_policy": [],
                "selector": [],
                "template": [
                  {
                    "metadata": [
                      {
                        "annotations": null,
                        "generate_name": "",
                        "generation": 0,
                        "labels": null,
                        "name": "seed-data",
                        "resource_version": "",
                        "uid": ""
                      }
                    ],
                    "spec": [
                      {
                        "active_deadline_seconds": 0,
                        "affinity": [],
                        "automount_service_account_token": true,
                        "container": [
                          {
                            "args": null,
                            "command": null,
                            "env": [],
                            "env_from": [],
                            "image": "europe-west9-docker.pkg.dev/terraform-maillard-frossard/repo-images/seed-data",
                            "image_pull_policy": "",
                            "lifecycle": [],
                            "liveness_probe": [],
                            "name": "seed-data",
                            "port": [],
                            "readiness_probe": [],
                            "resources": [],
                            "security_context": [],
                            "startup_probe": [],
                            "stdin": false,
                            "stdin_once": false,
                            "termination_message_path": "/dev/termination-log",
                            "termination_message_policy": "",
                            "tty": false,
                            "volume_mount": [],
                            "working_dir": ""
                          }
                        ],
                        "dns_config": [],
                        "dns_policy": "ClusterFirst",
                        "enable_service_links": true,
                        "host_aliases": [],
                        "host_ipc": false,
                        "host_network": false,
                        "host_pid": false,
                        "hostname": "",
                        "image_pull_secrets": [],
                        "init_container": [],
                        "node_name": "",
                        "node_selector": null,
                        "os": [],
                        "priority_class_name": "",
                        "readiness_gate": [],
                        "restart_policy": "Never",
                        "runtime_class_name": "",
                        "scheduler_name": "",
                        "security_context": [],
                        "service_account_name": "",
                        "share_process_namespace": false,
                        "subdomain": "",
                        "termination_grace_period_seconds": 30,
                        "toleration": [],
                        "topology_spread_constraint": [],
                        "volume": []
                      }
                    ]
                  }
                ],
                "ttl_seconds_after_finished": ""
              }
            ],
            "timeouts": null,
            "wait_for_completion": true
          },
          "sensitive_attributes": [],
          "private": "eyJlMmJmYjczMC1lY2FhLTExZTYtOGY4OC0zNDM2M2JjN2M0YzAiOnsiY3JlYXRlIjo2MDAwMDAwMDAwMCwiZGVsZXRlIjo2MDAwMDAwMDAwMCwidXBkYXRlIjo2MDAwMDAwMDAwMH0sInNjaGVtYV92ZXJzaW9uIjoiMSJ9",
          "dependencies": [
            "data.google_client_config.default",
            "data.google_service_account_access_token.sa",
            "docker_image.seed-data",
            "google_compute_network.myvpc",
            "google_compute_subnetwork.mysubnet",
            "google_container_cluster.mycluster"
          ]
        }
      ]
    },
    {
      "module": "module.vote-deployment",
      "mode": "managed",
      "type": "kubernetes_deployment_v1",
      "name": "vote",
      "provider": "provider[\"registry.terraform.io/hashicorp/kubernetes\"]",
      "instances": [
        {
          "schema_version": 1,
          "attributes": {
            "id": "default/vote",
            "metadata": [
              {
                "annotations": null,
                "generate_name": "",
                "generation": 1,
                "labels": null,
                "name": "vote",
                "namespace": "default",
                "resource_version": "4154",
                "uid": "8610e7dc-4fd5-4a85-9277-97eb6cf9aea5"
              }
            ],
            "spec": [
              {
                "min_ready_seconds": 0,
                "paused": false,
                "progress_deadline_seconds": 600,
                "replicas": "1",
                "revision_history_limit": 10,
                "selector": [
                  {
                    "match_expressions": [],
                    "match_labels": {
                      "app": "vote"
                    }
                  }
                ],
                "strategy": [
                  {
                    "rolling_update": [
                      {
                        "max_surge": "25%",
                        "max_unavailable": "25%"
                      }
                    ],
                    "type": "RollingUpdate"
                  }
                ],
                "template": [
                  {
                    "metadata": [
                      {
                        "annotations": null,
                        "generate_name": "",
                        "generation": 0,
                        "labels": {
                          "app": "vote",
                          "back-tier": "true",
                          "front-tier": "true"
                        },
                        "name": "vote",
                        "namespace": "",
                        "resource_version": "",
                        "uid": ""
                      }
                    ],
                    "spec": [
                      {
                        "active_deadline_seconds": 0,
                        "affinity": [],
                        "automount_service_account_token": true,
                        "container": [
                          {
                            "args": null,
                            "command": null,
                            "env": [],
                            "env_from": [],
                            "image": "europe-west9-docker.pkg.dev/terraform-maillard-frossard/repo-images/vote",
                            "image_pull_policy": "Always",
                            "lifecycle": [],
                            "liveness_probe": [],
                            "name": "vote",
                            "port": [
                              {
                                "container_port": 5000,
                                "host_ip": "",
                                "host_port": 5000,
                                "name": "",
                                "protocol": "TCP"
                              }
                            ],
                            "readiness_probe": [],
                            "resources": [
                              {
                                "limits": {},
                                "requests": {}
                              }
                            ],
                            "security_context": [],
                            "startup_probe": [],
                            "stdin": false,
                            "stdin_once": false,
                            "termination_message_path": "/dev/termination-log",
                            "termination_message_policy": "File",
                            "tty": false,
                            "volume_mount": [],
                            "working_dir": ""
                          }
                        ],
                        "dns_config": [],
                        "dns_policy": "ClusterFirst",
                        "enable_service_links": true,
                        "host_aliases": [],
                        "host_ipc": false,
                        "host_network": false,
                        "host_pid": false,
                        "hostname": "",
                        "image_pull_secrets": [],
                        "init_container": [],
                        "node_name": "",
                        "node_selector": null,
                        "os": [],
                        "priority_class_name": "",
                        "readiness_gate": [],
                        "restart_policy": "Always",
                        "runtime_class_name": "",
                        "scheduler_name": "default-scheduler",
                        "security_context": [],
                        "service_account_name": "",
                        "share_process_namespace": false,
                        "subdomain": "",
                        "termination_grace_period_seconds": 30,
                        "toleration": [],
                        "topology_spread_constraint": [],
                        "volume": []
                      }
                    ]
                  }
                ]
              }
            ],
            "timeouts": null,
            "wait_for_rollout": true
          },
          "sensitive_attributes": [],
          "private": "eyJlMmJmYjczMC1lY2FhLTExZTYtOGY4OC0zNDM2M2JjN2M0YzAiOnsiY3JlYXRlIjo2MDAwMDAwMDAwMDAsImRlbGV0ZSI6NjAwMDAwMDAwMDAwLCJ1cGRhdGUiOjYwMDAwMDAwMDAwMH0sInNjaGVtYV92ZXJzaW9uIjoiMSJ9",
          "dependencies": [
            "data.google_client_config.default",
            "data.google_service_account_access_token.sa",
            "docker_image.vote",
            "google_compute_network.myvpc",
            "google_compute_subnetwork.mysubnet",
            "google_container_cluster.mycluster"
          ]
        }
      ]
    },
    {
      "module": "module.worker-deployment",
      "mode": "managed",
      "type": "kubernetes_deployment_v1",
      "name": "worker",
      "provider": "provider[\"registry.terraform.io/hashicorp/kubernetes\"]",
      "instances": [
        {
          "schema_version": 1,
          "attributes": {
            "id": "default/worker",
            "metadata": [
              {
                "annotations": null,
                "generate_name": "",
                "generation": 1,
                "labels": null,
                "name": "worker",
                "namespace": "default",
                "resource_version": "9398",
                "uid": "a4763bd2-5c41-4e56-8634-c410c24e3e2c"
              }
            ],
            "spec": [
              {
                "min_ready_seconds": 0,
                "paused": false,
                "progress_deadline_seconds": 600,
                "replicas": "1",
                "revision_history_limit": 10,
                "selector": [
                  {
                    "match_expressions": [],
                    "match_labels": {
                      "app": "worker"
                    }
                  }
                ],
                "strategy": [
                  {
                    "rolling_update": [
                      {
                        "max_surge": "25%",
                        "max_unavailable": "25%"
                      }
                    ],
                    "type": "RollingUpdate"
                  }
                ],
                "template": [
                  {
                    "metadata": [
                      {
                        "annotations": null,
                        "generate_name": "",
                        "generation": 0,
                        "labels": {
                          "app": "worker",
                          "back-tier": "true"
                        },
                        "name": "worker",
                        "namespace": "",
                        "resource_version": "",
                        "uid": ""
                      }
                    ],
                    "spec": [
                      {
                        "active_deadline_seconds": 0,
                        "affinity": [],
                        "automount_service_account_token": true,
                        "container": [
                          {
                            "args": null,
                            "command": null,
                            "env": [],
                            "env_from": [],
                            "image": "europe-west9-docker.pkg.dev/terraform-maillard-frossard/repo-images/worker",
                            "image_pull_policy": "Always",
                            "lifecycle": [],
                            "liveness_probe": [],
                            "name": "worker",
                            "port": [],
                            "readiness_probe": [],
                            "resources": [
                              {
                                "limits": {},
                                "requests": {}
                              }
                            ],
                            "security_context": [],
                            "startup_probe": [],
                            "stdin": false,
                            "stdin_once": false,
                            "termination_message_path": "/dev/termination-log",
                            "termination_message_policy": "File",
                            "tty": false,
                            "volume_mount": [],
                            "working_dir": ""
                          }
                        ],
                        "dns_config": [],
                        "dns_policy": "ClusterFirst",
                        "enable_service_links": true,
                        "host_aliases": [],
                        "host_ipc": false,
                        "host_network": false,
                        "host_pid": false,
                        "hostname": "",
                        "image_pull_secrets": [],
                        "init_container": [],
                        "node_name": "",
                        "node_selector": null,
                        "os": [],
                        "priority_class_name": "",
                        "readiness_gate": [],
                        "restart_policy": "Always",
                        "runtime_class_name": "",
                        "scheduler_name": "default-scheduler",
                        "security_context": [],
                        "service_account_name": "",
                        "share_process_namespace": false,
                        "subdomain": "",
                        "termination_grace_period_seconds": 30,
                        "toleration": [],
                        "topology_spread_constraint": [],
                        "volume": []
                      }
                    ]
                  }
                ]
              }
            ],
            "timeouts": null,
            "wait_for_rollout": true
          },
          "sensitive_attributes": [],
          "private": "eyJlMmJmYjczMC1lY2FhLTExZTYtOGY4OC0zNDM2M2JjN2M0YzAiOnsiY3JlYXRlIjo2MDAwMDAwMDAwMDAsImRlbGV0ZSI6NjAwMDAwMDAwMDAwLCJ1cGRhdGUiOjYwMDAwMDAwMDAwMH0sInNjaGVtYV92ZXJzaW9uIjoiMSJ9",
          "dependencies": [
            "data.google_client_config.default",
            "data.google_service_account_access_token.sa",
            "docker_image.worker",
            "google_compute_network.myvpc",
            "google_compute_subnetwork.mysubnet",
            "google_container_cluster.mycluster"
          ]
        }
      ]
    }
  ],
  "check_results": null
}
